{"is_source_file": false, "format": null, "description": null, "external_files": [], "external_methods": [], "published": [], "classes": [], "methods": [], "calls": [], "search-terms": [], "state": 2, "file_id": 32, "knowledge_revision": 69, "git_revision": "bcff92ef66c4dae586be02fa2fbd502b312c64d5", "hash": "e9b4c3b42cef0193b7fddb548d37e652", "format-version": 4, "code-base-name": "default", "filename": "real_estate_portfolio_frontend_workspace/real_estate_portfolio_frontend/post_process_status.lock", "revision_history": [{"69": "bcff92ef66c4dae586be02fa2fbd502b312c64d5"}]}